
Microsoft Visual Studio Solution File, Format Version 12.00
# Visual Studio 2013
VisualStudioVersion = 12.0.21005.1
MinimumVisualStudioVersion = 10.0.40219.1
Project("{FAE04EC0-301F-11D3-BF4B-00C04F79EFBC}") = "MvcAppBd3Web", "MvcAppBd3Web\MvcAppBd3Web.csproj", "{EC3C38DB-5625-42C0-AEE5-5C38EF9E7AE4}"
EndProject
Project("{FAE04EC0-301F-11D3-BF4B-00C04F79EFBC}") = "AppCore", "AppCore\AppCore.csproj", "{45D9EA72-27C3-45B9-936E-13F174F85708}"
EndProject
Project("{FAE04EC0-301F-11D3-BF4B-00C04F79EFBC}") = "AppCacheEngines", "AppCacheEngines\AppCacheEngines.csproj", "{15A3AD3A-6340-497A-B4B3-64889334556C}"
EndProject
Project("{FAE04EC0-301F-11D3-BF4B-00C04F79EFBC}") = "AppExtension", "AppExtension\AppExtension.csproj", "{CD007A6C-FA7F-413B-820A-4226BF1B2F19}"
EndProject
Project("{FAE04EC0-301F-11D3-BF4B-00C04F79EFBC}") = "AppRepository", "AppRepository\AppRepository.csproj", "{B054147E-7B96-41AA-B5A6-93B2DF7B975D}"
EndProject
Project("{2150E333-8FDC-42A3-9474-1A3956D46DE8}") = ".nuget", ".nuget", "{22621E20-AD2D-4E3C-AFBE-12A867B32F68}"
	ProjectSection(SolutionItems) = preProject
		.nuget\NuGet.Config = .nuget\NuGet.Config
		.nuget\NuGet.exe = .nuget\NuGet.exe
		.nuget\NuGet.targets = .nuget\NuGet.targets
	EndProjectSection
EndProject
Project("{2150E333-8FDC-42A3-9474-1A3956D46DE8}") = "Database", "Database", "{7FE90D47-C51B-45E7-BB76-C3BCD25B46DE}"
	ProjectSection(SolutionItems) = preProject
		C:\Users\KhoiHQ\Desktop\sql.sql = C:\Users\KhoiHQ\Desktop\sql.sql
	EndProjectSection
EndProject
Global
	GlobalSection(SolutionConfigurationPlatforms) = preSolution
		Debug|Any CPU = Debug|Any CPU
		Release|Any CPU = Release|Any CPU
	EndGlobalSection
	GlobalSection(ProjectConfigurationPlatforms) = postSolution
		{EC3C38DB-5625-42C0-AEE5-5C38EF9E7AE4}.Debug|Any CPU.ActiveCfg = Debug|Any CPU
		{EC3C38DB-5625-42C0-AEE5-5C38EF9E7AE4}.Debug|Any CPU.Build.0 = Debug|Any CPU
		{EC3C38DB-5625-42C0-AEE5-5C38EF9E7AE4}.Release|Any CPU.ActiveCfg = Release|Any CPU
		{EC3C38DB-5625-42C0-AEE5-5C38EF9E7AE4}.Release|Any CPU.Build.0 = Release|Any CPU
		{45D9EA72-27C3-45B9-936E-13F174F85708}.Debug|Any CPU.ActiveCfg = Debug|Any CPU
		{45D9EA72-27C3-45B9-936E-13F174F85708}.Debug|Any CPU.Build.0 = Debug|Any CPU
		{45D9EA72-27C3-45B9-936E-13F174F85708}.Release|Any CPU.ActiveCfg = Release|Any CPU
		{45D9EA72-27C3-45B9-936E-13F174F85708}.Release|Any CPU.Build.0 = Release|Any CPU
		{15A3AD3A-6340-497A-B4B3-64889334556C}.Debug|Any CPU.ActiveCfg = Debug|Any CPU
		{15A3AD3A-6340-497A-B4B3-64889334556C}.Debug|Any CPU.Build.0 = Debug|Any CPU
		{15A3AD3A-6340-497A-B4B3-64889334556C}.Release|Any CPU.ActiveCfg = Release|Any CPU
		{15A3AD3A-6340-497A-B4B3-64889334556C}.Release|Any CPU.Build.0 = Release|Any CPU
		{CD007A6C-FA7F-413B-820A-4226BF1B2F19}.Debug|Any CPU.ActiveCfg = Debug|Any CPU
		{CD007A6C-FA7F-413B-820A-4226BF1B2F19}.Debug|Any CPU.Build.0 = Debug|Any CPU
		{CD007A6C-FA7F-413B-820A-4226BF1B2F19}.Release|Any CPU.ActiveCfg = Release|Any CPU
		{CD007A6C-FA7F-413B-820A-4226BF1B2F19}.Release|Any CPU.Build.0 = Release|Any CPU
		{B054147E-7B96-41AA-B5A6-93B2DF7B975D}.Debug|Any CPU.ActiveCfg = Debug|Any CPU
		{B054147E-7B96-41AA-B5A6-93B2DF7B975D}.Debug|Any CPU.Build.0 = Debug|Any CPU
		{B054147E-7B96-41AA-B5A6-93B2DF7B975D}.Release|Any CPU.ActiveCfg = Release|Any CPU
		{B054147E-7B96-41AA-B5A6-93B2DF7B975D}.Release|Any CPU.Build.0 = Release|Any CPU
	EndGlobalSection
	GlobalSection(SolutionProperties) = preSolution
		HideSolutionNode = FALSE
	EndGlobalSection
EndGlobal
